
Microsoft Visual Studio Solution File, Format Version 12.00
# Visual Studio 15
VisualStudioVersion = 15.0.28307.572
MinimumVisualStudioVersion = 10.0.40219.1
Project("{FAE04EC0-301F-11D3-BF4B-00C04F79EFBC}") = "DominationGame", "DominationGame.csproj", "{D228A001-B59E-46E3-BABE-CA25E18A8082}"
EndProject
Global
	GlobalSection(SolutionConfigurationPlatforms) = preSolution
		Debug|Any CPU = Debug|Any CPU
		Release|Any CPU = Release|Any CPU
	EndGlobalSection
	GlobalSection(ProjectConfigurationPlatforms) = postSolution
		{D228A001-B59E-46E3-BABE-CA25E18A8082}.Debug|Any CPU.ActiveCfg = Debug|Any CPU
		{D228A001-B59E-46E3-BABE-CA25E18A8082}.Debug|Any CPU.Build.0 = Debug|Any CPU
		{D228A001-B59E-46E3-BABE-CA25E18A8082}.Release|Any CPU.ActiveCfg = Release|Any CPU
		{D228A001-B59E-46E3-BABE-CA25E18A8082}.Release|Any CPU.Build.0 = Release|Any CPU
	EndGlobalSection
	GlobalSection(SolutionProperties) = preSolution
		HideSolutionNode = FALSE
	EndGlobalSection
	GlobalSection(ExtensibilityGlobals) = postSolution
		SolutionGuid = {A285325F-3CF5-4220-851C-94B58F72F7A9}
	EndGlobalSection
EndGlobal
