
Microsoft Visual Studio Solution File, Format Version 12.00
# Visual Studio Version 16
VisualStudioVersion = 16.0.30611.23
MinimumVisualStudioVersion = 10.0.40219.1
Project("{FAE04EC0-301F-11D3-BF4B-00C04F79EFBC}") = "DynamicStyles.UWP", "DynamicStyles\DynamicStyles.UWP\DynamicStyles.UWP.csproj", "{7250D596-9FCC-4546-8350-EF3364F8B540}"
EndProject
Project("{FAE04EC0-301F-11D3-BF4B-00C04F79EFBC}") = "DynamicStyles.Android", "DynamicStyles\DynamicStyles.Android\DynamicStyles.Android.csproj", "{74610DCA-FF95-4BBF-BCC8-46564FE43527}"
EndProject
Project("{FAE04EC0-301F-11D3-BF4B-00C04F79EFBC}") = "DynamicStyles", "DynamicStyles\DynamicStyles\DynamicStyles.csproj", "{FE18323A-0C9C-4619-87FF-4A205D5DA6B1}"
EndProject
Global
	GlobalSection(SolutionConfigurationPlatforms) = preSolution
		Debug|Any CPU = Debug|Any CPU
		Debug|ARM = Debug|ARM
		Debug|x64 = Debug|x64
		Debug|x86 = Debug|x86
		Release|Any CPU = Release|Any CPU
		Release|ARM = Release|ARM
		Release|x64 = Release|x64
		Release|x86 = Release|x86
	EndGlobalSection
	GlobalSection(ProjectConfigurationPlatforms) = postSolution
		{7250D596-9FCC-4546-8350-EF3364F8B540}.Debug|Any CPU.ActiveCfg = Debug|x86
		{7250D596-9FCC-4546-8350-EF3364F8B540}.Debug|Any CPU.Build.0 = Debug|x86
		{7250D596-9FCC-4546-8350-EF3364F8B540}.Debug|Any CPU.Deploy.0 = Debug|x86
		{7250D596-9FCC-4546-8350-EF3364F8B540}.Debug|ARM.ActiveCfg = Debug|ARM
		{7250D596-9FCC-4546-8350-EF3364F8B540}.Debug|ARM.Build.0 = Debug|ARM
		{7250D596-9FCC-4546-8350-EF3364F8B540}.Debug|ARM.Deploy.0 = Debug|ARM
		{7250D596-9FCC-4546-8350-EF3364F8B540}.Debug|x64.ActiveCfg = Debug|x64
		{7250D596-9FCC-4546-8350-EF3364F8B540}.Debug|x64.Build.0 = Debug|x64
		{7250D596-9FCC-4546-8350-EF3364F8B540}.Debug|x64.Deploy.0 = Debug|x64
		{7250D596-9FCC-4546-8350-EF3364F8B540}.Debug|x86.ActiveCfg = Debug|x86
		{7250D596-9FCC-4546-8350-EF3364F8B540}.Debug|x86.Build.0 = Debug|x86
		{7250D596-9FCC-4546-8350-EF3364F8B540}.Debug|x86.Deploy.0 = Debug|x86
		{7250D596-9FCC-4546-8350-EF3364F8B540}.Release|Any CPU.ActiveCfg = Release|x86
		{7250D596-9FCC-4546-8350-EF3364F8B540}.Release|Any CPU.Build.0 = Release|x86
		{7250D596-9FCC-4546-8350-EF3364F8B540}.Release|Any CPU.Deploy.0 = Release|x86
		{7250D596-9FCC-4546-8350-EF3364F8B540}.Release|ARM.ActiveCfg = Release|ARM
		{7250D596-9FCC-4546-8350-EF3364F8B540}.Release|ARM.Build.0 = Release|ARM
		{7250D596-9FCC-4546-8350-EF3364F8B540}.Release|ARM.Deploy.0 = Release|ARM
		{7250D596-9FCC-4546-8350-EF3364F8B540}.Release|x64.ActiveCfg = Release|x64
		{7250D596-9FCC-4546-8350-EF3364F8B540}.Release|x64.Build.0 = Release|x64
		{7250D596-9FCC-4546-8350-EF3364F8B540}.Release|x64.Deploy.0 = Release|x64
		{7250D596-9FCC-4546-8350-EF3364F8B540}.Release|x86.ActiveCfg = Release|x86
		{7250D596-9FCC-4546-8350-EF3364F8B540}.Release|x86.Build.0 = Release|x86
		{7250D596-9FCC-4546-8350-EF3364F8B540}.Release|x86.Deploy.0 = Release|x86
		{74610DCA-FF95-4BBF-BCC8-46564FE43527}.Debug|Any CPU.ActiveCfg = Debug|Any CPU
		{74610DCA-FF95-4BBF-BCC8-46564FE43527}.Debug|Any CPU.Build.0 = Debug|Any CPU
		{74610DCA-FF95-4BBF-BCC8-46564FE43527}.Debug|Any CPU.Deploy.0 = Debug|Any CPU
		{74610DCA-FF95-4BBF-BCC8-46564FE43527}.Debug|ARM.ActiveCfg = Debug|Any CPU
		{74610DCA-FF95-4BBF-BCC8-46564FE43527}.Debug|ARM.Build.0 = Debug|Any CPU
		{74610DCA-FF95-4BBF-BCC8-46564FE43527}.Debug|ARM.Deploy.0 = Debug|Any CPU
		{74610DCA-FF95-4BBF-BCC8-46564FE43527}.Debug|x64.ActiveCfg = Debug|Any CPU
		{74610DCA-FF95-4BBF-BCC8-46564FE43527}.Debug|x64.Build.0 = Debug|Any CPU
		{74610DCA-FF95-4BBF-BCC8-46564FE43527}.Debug|x64.Deploy.0 = Debug|Any CPU
		{74610DCA-FF95-4BBF-BCC8-46564FE43527}.Debug|x86.ActiveCfg = Debug|Any CPU
		{74610DCA-FF95-4BBF-BCC8-46564FE43527}.Debug|x86.Build.0 = Debug|Any CPU
		{74610DCA-FF95-4BBF-BCC8-46564FE43527}.Debug|x86.Deploy.0 = Debug|Any CPU
		{74610DCA-FF95-4BBF-BCC8-46564FE43527}.Release|Any CPU.ActiveCfg = Release|Any CPU
		{74610DCA-FF95-4BBF-BCC8-46564FE43527}.Release|Any CPU.Build.0 = Release|Any CPU
		{74610DCA-FF95-4BBF-BCC8-46564FE43527}.Release|Any CPU.Deploy.0 = Release|Any CPU
		{74610DCA-FF95-4BBF-BCC8-46564FE43527}.Release|ARM.ActiveCfg = Release|Any CPU
		{74610DCA-FF95-4BBF-BCC8-46564FE43527}.Release|ARM.Build.0 = Release|Any CPU
		{74610DCA-FF95-4BBF-BCC8-46564FE43527}.Release|ARM.Deploy.0 = Release|Any CPU
		{74610DCA-FF95-4BBF-BCC8-46564FE43527}.Release|x64.ActiveCfg = Release|Any CPU
		{74610DCA-FF95-4BBF-BCC8-46564FE43527}.Release|x64.Build.0 = Release|Any CPU
		{74610DCA-FF95-4BBF-BCC8-46564FE43527}.Release|x64.Deploy.0 = Release|Any CPU
		{74610DCA-FF95-4BBF-BCC8-46564FE43527}.Release|x86.ActiveCfg = Release|Any CPU
		{74610DCA-FF95-4BBF-BCC8-46564FE43527}.Release|x86.Build.0 = Release|Any CPU
		{74610DCA-FF95-4BBF-BCC8-46564FE43527}.Release|x86.Deploy.0 = Release|Any CPU
		{FE18323A-0C9C-4619-87FF-4A205D5DA6B1}.Debug|Any CPU.ActiveCfg = Debug|Any CPU
		{FE18323A-0C9C-4619-87FF-4A205D5DA6B1}.Debug|Any CPU.Build.0 = Debug|Any CPU
		{FE18323A-0C9C-4619-87FF-4A205D5DA6B1}.Debug|Any CPU.Deploy.0 = Debug|Any CPU
		{FE18323A-0C9C-4619-87FF-4A205D5DA6B1}.Debug|ARM.ActiveCfg = Debug|Any CPU
		{FE18323A-0C9C-4619-87FF-4A205D5DA6B1}.Debug|ARM.Build.0 = Debug|Any CPU
		{FE18323A-0C9C-4619-87FF-4A205D5DA6B1}.Debug|ARM.Deploy.0 = Debug|Any CPU
		{FE18323A-0C9C-4619-87FF-4A205D5DA6B1}.Debug|x64.ActiveCfg = Debug|Any CPU
		{FE18323A-0C9C-4619-87FF-4A205D5DA6B1}.Debug|x64.Build.0 = Debug|Any CPU
		{FE18323A-0C9C-4619-87FF-4A205D5DA6B1}.Debug|x64.Deploy.0 = Debug|Any CPU
		{FE18323A-0C9C-4619-87FF-4A205D5DA6B1}.Debug|x86.ActiveCfg = Debug|Any CPU
		{FE18323A-0C9C-4619-87FF-4A205D5DA6B1}.Debug|x86.Build.0 = Debug|Any CPU
		{FE18323A-0C9C-4619-87FF-4A205D5DA6B1}.Debug|x86.Deploy.0 = Debug|Any CPU
		{FE18323A-0C9C-4619-87FF-4A205D5DA6B1}.Release|Any CPU.ActiveCfg = Release|Any CPU
		{FE18323A-0C9C-4619-87FF-4A205D5DA6B1}.Release|Any CPU.Build.0 = Release|Any CPU
		{FE18323A-0C9C-4619-87FF-4A205D5DA6B1}.Release|Any CPU.Deploy.0 = Release|Any CPU
		{FE18323A-0C9C-4619-87FF-4A205D5DA6B1}.Release|ARM.ActiveCfg = Release|Any CPU
		{FE18323A-0C9C-4619-87FF-4A205D5DA6B1}.Release|ARM.Build.0 = Release|Any CPU
		{FE18323A-0C9C-4619-87FF-4A205D5DA6B1}.Release|ARM.Deploy.0 = Release|Any CPU
		{FE18323A-0C9C-4619-87FF-4A205D5DA6B1}.Release|x64.ActiveCfg = Release|Any CPU
		{FE18323A-0C9C-4619-87FF-4A205D5DA6B1}.Release|x64.Build.0 = Release|Any CPU
		{FE18323A-0C9C-4619-87FF-4A205D5DA6B1}.Release|x64.Deploy.0 = Release|Any CPU
		{FE18323A-0C9C-4619-87FF-4A205D5DA6B1}.Release|x86.ActiveCfg = Release|Any CPU
		{FE18323A-0C9C-4619-87FF-4A205D5DA6B1}.Release|x86.Build.0 = Release|Any CPU
		{FE18323A-0C9C-4619-87FF-4A205D5DA6B1}.Release|x86.Deploy.0 = Release|Any CPU
	EndGlobalSection
	GlobalSection(SolutionProperties) = preSolution
		HideSolutionNode = FALSE
	EndGlobalSection
	GlobalSection(ExtensibilityGlobals) = postSolution
		SolutionGuid = {BA921122-ED1A-4BC1-AA72-4E890CEF94DA}
	EndGlobalSection
EndGlobal
