
Microsoft Visual Studio Solution File, Format Version 12.00
# Visual Studio 15
VisualStudioVersion = 15.0.28307.572
MinimumVisualStudioVersion = 10.0.40219.1
Project("{FAE04EC0-301F-11D3-BF4B-00C04F79EFBC}") = "DemoConsole", "DemoConsole.csproj", "{047B060D-EF92-4B5C-8694-B3C216AE062F}"
EndProject
Global
	GlobalSection(SolutionConfigurationPlatforms) = preSolution
		Debug|Any CPU = Debug|Any CPU
		Release|Any CPU = Release|Any CPU
	EndGlobalSection
	GlobalSection(ProjectConfigurationPlatforms) = postSolution
		{047B060D-EF92-4B5C-8694-B3C216AE062F}.Debug|Any CPU.ActiveCfg = Debug|Any CPU
		{047B060D-EF92-4B5C-8694-B3C216AE062F}.Debug|Any CPU.Build.0 = Debug|Any CPU
		{047B060D-EF92-4B5C-8694-B3C216AE062F}.Release|Any CPU.ActiveCfg = Release|Any CPU
		{047B060D-EF92-4B5C-8694-B3C216AE062F}.Release|Any CPU.Build.0 = Release|Any CPU
	EndGlobalSection
	GlobalSection(SolutionProperties) = preSolution
		HideSolutionNode = FALSE
	EndGlobalSection
	GlobalSection(ExtensibilityGlobals) = postSolution
		SolutionGuid = {F22C7424-DA69-4C99-8FB1-72CF5535C90F}
	EndGlobalSection
EndGlobal
