
Microsoft Visual Studio Solution File, Format Version 12.00
# Visual Studio 15
VisualStudioVersion = 15.0.28307.572
MinimumVisualStudioVersion = 10.0.40219.1
Project("{FAE04EC0-301F-11D3-BF4B-00C04F79EFBC}") = "Exercise7_BankAccount", "Exercise7_BankAccount.csproj", "{8D05537B-63EE-46EB-BCC0-099FDEB548BC}"
EndProject
Global
	GlobalSection(SolutionConfigurationPlatforms) = preSolution
		Debug|Any CPU = Debug|Any CPU
		Release|Any CPU = Release|Any CPU
	EndGlobalSection
	GlobalSection(ProjectConfigurationPlatforms) = postSolution
		{8D05537B-63EE-46EB-BCC0-099FDEB548BC}.Debug|Any CPU.ActiveCfg = Debug|Any CPU
		{8D05537B-63EE-46EB-BCC0-099FDEB548BC}.Debug|Any CPU.Build.0 = Debug|Any CPU
		{8D05537B-63EE-46EB-BCC0-099FDEB548BC}.Release|Any CPU.ActiveCfg = Release|Any CPU
		{8D05537B-63EE-46EB-BCC0-099FDEB548BC}.Release|Any CPU.Build.0 = Release|Any CPU
	EndGlobalSection
	GlobalSection(SolutionProperties) = preSolution
		HideSolutionNode = FALSE
	EndGlobalSection
	GlobalSection(ExtensibilityGlobals) = postSolution
		SolutionGuid = {532E66E2-B698-4F76-A8EA-C8BE224881C5}
	EndGlobalSection
EndGlobal
