
Microsoft Visual Studio Solution File, Format Version 12.00
# Visual Studio 15
VisualStudioVersion = 15.0.28307.329
MinimumVisualStudioVersion = 10.0.40219.1
Project("{FAE04EC0-301F-11D3-BF4B-00C04F79EFBC}") = "Opgave 3.1 driehoek", "Opgave 3.1 driehoek.csproj", "{FB82AD7C-8DCF-43E3-9DB9-9290EBE44716}"
EndProject
Global
	GlobalSection(SolutionConfigurationPlatforms) = preSolution
		Debug|Any CPU = Debug|Any CPU
		Release|Any CPU = Release|Any CPU
	EndGlobalSection
	GlobalSection(ProjectConfigurationPlatforms) = postSolution
		{FB82AD7C-8DCF-43E3-9DB9-9290EBE44716}.Debug|Any CPU.ActiveCfg = Debug|Any CPU
		{FB82AD7C-8DCF-43E3-9DB9-9290EBE44716}.Debug|Any CPU.Build.0 = Debug|Any CPU
		{FB82AD7C-8DCF-43E3-9DB9-9290EBE44716}.Release|Any CPU.ActiveCfg = Release|Any CPU
		{FB82AD7C-8DCF-43E3-9DB9-9290EBE44716}.Release|Any CPU.Build.0 = Release|Any CPU
	EndGlobalSection
	GlobalSection(SolutionProperties) = preSolution
		HideSolutionNode = FALSE
	EndGlobalSection
	GlobalSection(ExtensibilityGlobals) = postSolution
		SolutionGuid = {E7FE137C-C3A5-4C90-8CEA-BC1557AD9E2B}
	EndGlobalSection
EndGlobal
