
Microsoft Visual Studio Solution File, Format Version 12.00
# Visual Studio Version 16
VisualStudioVersion = 16.0.29318.209
MinimumVisualStudioVersion = 10.0.40219.1
Project("{FAE04EC0-301F-11D3-BF4B-00C04F79EFBC}") = "CalculatorApp2", "CalculatorApp2\CalculatorApp2.csproj", "{6CF865E0-299C-4E0C-8398-C78C5224F6C0}"
EndProject
Project("{FAE04EC0-301F-11D3-BF4B-00C04F79EFBC}") = "CalculatorApp.Tests", "CalculatorApp.Tests\CalculatorApp.Tests.csproj", "{13A844F5-7F72-44DB-B677-90E134442741}"
EndProject
Global
	GlobalSection(SolutionConfigurationPlatforms) = preSolution
		Debug|Any CPU = Debug|Any CPU
		Release|Any CPU = Release|Any CPU
	EndGlobalSection
	GlobalSection(ProjectConfigurationPlatforms) = postSolution
		{6CF865E0-299C-4E0C-8398-C78C5224F6C0}.Debug|Any CPU.ActiveCfg = Debug|Any CPU
		{6CF865E0-299C-4E0C-8398-C78C5224F6C0}.Debug|Any CPU.Build.0 = Debug|Any CPU
		{6CF865E0-299C-4E0C-8398-C78C5224F6C0}.Release|Any CPU.ActiveCfg = Release|Any CPU
		{6CF865E0-299C-4E0C-8398-C78C5224F6C0}.Release|Any CPU.Build.0 = Release|Any CPU
		{13A844F5-7F72-44DB-B677-90E134442741}.Debug|Any CPU.ActiveCfg = Debug|Any CPU
		{13A844F5-7F72-44DB-B677-90E134442741}.Debug|Any CPU.Build.0 = Debug|Any CPU
		{13A844F5-7F72-44DB-B677-90E134442741}.Release|Any CPU.ActiveCfg = Release|Any CPU
		{13A844F5-7F72-44DB-B677-90E134442741}.Release|Any CPU.Build.0 = Release|Any CPU
	EndGlobalSection
	GlobalSection(SolutionProperties) = preSolution
		HideSolutionNode = FALSE
	EndGlobalSection
	GlobalSection(ExtensibilityGlobals) = postSolution
		SolutionGuid = {0DAD99A4-6B70-4566-A43A-6D6A301906F3}
	EndGlobalSection
EndGlobal
