
Microsoft Visual Studio Solution File, Format Version 12.00
# Visual Studio 15
VisualStudioVersion = 15.0.28307.421
MinimumVisualStudioVersion = 10.0.40219.1
Project("{FAE04EC0-301F-11D3-BF4B-00C04F79EFBC}") = "balloon object", "balloon object.csproj", "{BFC7232A-8ED5-4BE5-8434-33FFF9821679}"
EndProject
Global
	GlobalSection(SolutionConfigurationPlatforms) = preSolution
		Debug|Any CPU = Debug|Any CPU
		Release|Any CPU = Release|Any CPU
	EndGlobalSection
	GlobalSection(ProjectConfigurationPlatforms) = postSolution
		{BFC7232A-8ED5-4BE5-8434-33FFF9821679}.Debug|Any CPU.ActiveCfg = Debug|Any CPU
		{BFC7232A-8ED5-4BE5-8434-33FFF9821679}.Debug|Any CPU.Build.0 = Debug|Any CPU
		{BFC7232A-8ED5-4BE5-8434-33FFF9821679}.Release|Any CPU.ActiveCfg = Release|Any CPU
		{BFC7232A-8ED5-4BE5-8434-33FFF9821679}.Release|Any CPU.Build.0 = Release|Any CPU
	EndGlobalSection
	GlobalSection(SolutionProperties) = preSolution
		HideSolutionNode = FALSE
	EndGlobalSection
	GlobalSection(ExtensibilityGlobals) = postSolution
		SolutionGuid = {3CA4DBBF-F915-4539-B862-E6114F54D6D0}
	EndGlobalSection
EndGlobal
