
Microsoft Visual Studio Solution File, Format Version 12.00
# Visual Studio 15
VisualStudioVersion = 15.0.28307.329
MinimumVisualStudioVersion = 10.0.40219.1
Project("{FAE04EC0-301F-11D3-BF4B-00C04F79EFBC}") = "ReadPosition", "ReadPosition.csproj", "{5CF5A631-7496-4C43-A6BA-A6B52E58B9E1}"
EndProject
Global
	GlobalSection(SolutionConfigurationPlatforms) = preSolution
		Debug|Any CPU = Debug|Any CPU
		Release|Any CPU = Release|Any CPU
	EndGlobalSection
	GlobalSection(ProjectConfigurationPlatforms) = postSolution
		{5CF5A631-7496-4C43-A6BA-A6B52E58B9E1}.Debug|Any CPU.ActiveCfg = Debug|Any CPU
		{5CF5A631-7496-4C43-A6BA-A6B52E58B9E1}.Debug|Any CPU.Build.0 = Debug|Any CPU
		{5CF5A631-7496-4C43-A6BA-A6B52E58B9E1}.Release|Any CPU.ActiveCfg = Release|Any CPU
		{5CF5A631-7496-4C43-A6BA-A6B52E58B9E1}.Release|Any CPU.Build.0 = Release|Any CPU
	EndGlobalSection
	GlobalSection(SolutionProperties) = preSolution
		HideSolutionNode = FALSE
	EndGlobalSection
	GlobalSection(ExtensibilityGlobals) = postSolution
		SolutionGuid = {C9E67E93-7BC9-4588-A5F6-1DD66342D42A}
	EndGlobalSection
EndGlobal
