
Microsoft Visual Studio Solution File, Format Version 12.00
# Visual Studio 15
VisualStudioVersion = 15.0.28307.329
MinimumVisualStudioVersion = 10.0.40219.1
Project("{FAE04EC0-301F-11D3-BF4B-00C04F79EFBC}") = "Exercise02_CircleAndGlobe", "Exercise02_CircleAndGlobe.csproj", "{4DACD100-014E-472B-851B-FB49995EF87C}"
EndProject
Global
	GlobalSection(SolutionConfigurationPlatforms) = preSolution
		Debug|Any CPU = Debug|Any CPU
		Release|Any CPU = Release|Any CPU
	EndGlobalSection
	GlobalSection(ProjectConfigurationPlatforms) = postSolution
		{4DACD100-014E-472B-851B-FB49995EF87C}.Debug|Any CPU.ActiveCfg = Debug|Any CPU
		{4DACD100-014E-472B-851B-FB49995EF87C}.Debug|Any CPU.Build.0 = Debug|Any CPU
		{4DACD100-014E-472B-851B-FB49995EF87C}.Release|Any CPU.ActiveCfg = Release|Any CPU
		{4DACD100-014E-472B-851B-FB49995EF87C}.Release|Any CPU.Build.0 = Release|Any CPU
	EndGlobalSection
	GlobalSection(SolutionProperties) = preSolution
		HideSolutionNode = FALSE
	EndGlobalSection
	GlobalSection(ExtensibilityGlobals) = postSolution
		SolutionGuid = {B10D76D5-7B92-4D00-9320-AC139A40D636}
	EndGlobalSection
EndGlobal
