
Microsoft Visual Studio Solution File, Format Version 12.00
# Visual Studio 15
VisualStudioVersion = 15.0.28307.329
MinimumVisualStudioVersion = 10.0.40219.1
Project("{FAE04EC0-301F-11D3-BF4B-00C04F79EFBC}") = "Opgave 3.4 regenval", "Opgave 3.4 regenval.csproj", "{F3E9C86D-DF77-4559-BDDB-86FBA462CE4A}"
EndProject
Global
	GlobalSection(SolutionConfigurationPlatforms) = preSolution
		Debug|Any CPU = Debug|Any CPU
		Release|Any CPU = Release|Any CPU
	EndGlobalSection
	GlobalSection(ProjectConfigurationPlatforms) = postSolution
		{F3E9C86D-DF77-4559-BDDB-86FBA462CE4A}.Debug|Any CPU.ActiveCfg = Debug|Any CPU
		{F3E9C86D-DF77-4559-BDDB-86FBA462CE4A}.Debug|Any CPU.Build.0 = Debug|Any CPU
		{F3E9C86D-DF77-4559-BDDB-86FBA462CE4A}.Release|Any CPU.ActiveCfg = Release|Any CPU
		{F3E9C86D-DF77-4559-BDDB-86FBA462CE4A}.Release|Any CPU.Build.0 = Release|Any CPU
	EndGlobalSection
	GlobalSection(SolutionProperties) = preSolution
		HideSolutionNode = FALSE
	EndGlobalSection
	GlobalSection(ExtensibilityGlobals) = postSolution
		SolutionGuid = {81EA23F6-A66D-48BA-9E39-ED0E36129749}
	EndGlobalSection
EndGlobal
