
Microsoft Visual Studio Solution File, Format Version 12.00
# Visual Studio Version 16
VisualStudioVersion = 16.0.30717.126
MinimumVisualStudioVersion = 10.0.40219.1
Project("{FAE04EC0-301F-11D3-BF4B-00C04F79EFBC}") = "AspNetWebApplicationMVC", "AspNetWebApplicationMVC\AspNetWebApplicationMVC.csproj", "{20C3E6BB-C6D9-4E1B-8A68-662A008D3065}"
EndProject
Global
	GlobalSection(SolutionConfigurationPlatforms) = preSolution
		Debug|Any CPU = Debug|Any CPU
		Release|Any CPU = Release|Any CPU
	EndGlobalSection
	GlobalSection(ProjectConfigurationPlatforms) = postSolution
		{20C3E6BB-C6D9-4E1B-8A68-662A008D3065}.Debug|Any CPU.ActiveCfg = Debug|Any CPU
		{20C3E6BB-C6D9-4E1B-8A68-662A008D3065}.Debug|Any CPU.Build.0 = Debug|Any CPU
		{20C3E6BB-C6D9-4E1B-8A68-662A008D3065}.Release|Any CPU.ActiveCfg = Release|Any CPU
		{20C3E6BB-C6D9-4E1B-8A68-662A008D3065}.Release|Any CPU.Build.0 = Release|Any CPU
	EndGlobalSection
	GlobalSection(SolutionProperties) = preSolution
		HideSolutionNode = FALSE
	EndGlobalSection
	GlobalSection(ExtensibilityGlobals) = postSolution
		SolutionGuid = {3E455F1E-8861-45C8-9C7F-E7F829CFFDE0}
	EndGlobalSection
EndGlobal
