
Microsoft Visual Studio Solution File, Format Version 12.00
# Visual Studio 15
VisualStudioVersion = 15.0.28307.572
MinimumVisualStudioVersion = 10.0.40219.1
Project("{FAE04EC0-301F-11D3-BF4B-00C04F79EFBC}") = "Exercise11_PseudoRandom", "Exercise11_PseudoRandom.csproj", "{ACF3AD2B-8226-4371-BC5A-5A381FB465BF}"
EndProject
Global
	GlobalSection(SolutionConfigurationPlatforms) = preSolution
		Debug|Any CPU = Debug|Any CPU
		Release|Any CPU = Release|Any CPU
	EndGlobalSection
	GlobalSection(ProjectConfigurationPlatforms) = postSolution
		{ACF3AD2B-8226-4371-BC5A-5A381FB465BF}.Debug|Any CPU.ActiveCfg = Debug|Any CPU
		{ACF3AD2B-8226-4371-BC5A-5A381FB465BF}.Debug|Any CPU.Build.0 = Debug|Any CPU
		{ACF3AD2B-8226-4371-BC5A-5A381FB465BF}.Release|Any CPU.ActiveCfg = Release|Any CPU
		{ACF3AD2B-8226-4371-BC5A-5A381FB465BF}.Release|Any CPU.Build.0 = Release|Any CPU
	EndGlobalSection
	GlobalSection(SolutionProperties) = preSolution
		HideSolutionNode = FALSE
	EndGlobalSection
	GlobalSection(ExtensibilityGlobals) = postSolution
		SolutionGuid = {F0D2D19E-4302-4399-8F97-643EBC4D3CF3}
	EndGlobalSection
EndGlobal
