
Microsoft Visual Studio Solution File, Format Version 12.00
# Visual Studio 15
VisualStudioVersion = 15.0.28307.572
MinimumVisualStudioVersion = 10.0.40219.1
Project("{FAE04EC0-301F-11D3-BF4B-00C04F79EFBC}") = "DemoInterface", "DemoInterface.csproj", "{A648E9D2-13EE-4379-85D3-700EF3A9B490}"
EndProject
Global
	GlobalSection(SolutionConfigurationPlatforms) = preSolution
		Debug|Any CPU = Debug|Any CPU
		Release|Any CPU = Release|Any CPU
	EndGlobalSection
	GlobalSection(ProjectConfigurationPlatforms) = postSolution
		{A648E9D2-13EE-4379-85D3-700EF3A9B490}.Debug|Any CPU.ActiveCfg = Debug|Any CPU
		{A648E9D2-13EE-4379-85D3-700EF3A9B490}.Debug|Any CPU.Build.0 = Debug|Any CPU
		{A648E9D2-13EE-4379-85D3-700EF3A9B490}.Release|Any CPU.ActiveCfg = Release|Any CPU
		{A648E9D2-13EE-4379-85D3-700EF3A9B490}.Release|Any CPU.Build.0 = Release|Any CPU
	EndGlobalSection
	GlobalSection(SolutionProperties) = preSolution
		HideSolutionNode = FALSE
	EndGlobalSection
	GlobalSection(ExtensibilityGlobals) = postSolution
		SolutionGuid = {AB424D60-0BAC-4F5B-825E-373AD6889267}
	EndGlobalSection
EndGlobal
