
Microsoft Visual Studio Solution File, Format Version 12.00
# Visual Studio 15
VisualStudioVersion = 15.0.28307.329
MinimumVisualStudioVersion = 10.0.40219.1
Project("{FAE04EC0-301F-11D3-BF4B-00C04F79EFBC}") = "Opgave 3.3 huis", "Opgave 3.3 huis.csproj", "{2741F9D5-C7EA-4903-B43B-7D9BEB317431}"
EndProject
Global
	GlobalSection(SolutionConfigurationPlatforms) = preSolution
		Debug|Any CPU = Debug|Any CPU
		Release|Any CPU = Release|Any CPU
	EndGlobalSection
	GlobalSection(ProjectConfigurationPlatforms) = postSolution
		{2741F9D5-C7EA-4903-B43B-7D9BEB317431}.Debug|Any CPU.ActiveCfg = Debug|Any CPU
		{2741F9D5-C7EA-4903-B43B-7D9BEB317431}.Debug|Any CPU.Build.0 = Debug|Any CPU
		{2741F9D5-C7EA-4903-B43B-7D9BEB317431}.Release|Any CPU.ActiveCfg = Release|Any CPU
		{2741F9D5-C7EA-4903-B43B-7D9BEB317431}.Release|Any CPU.Build.0 = Release|Any CPU
	EndGlobalSection
	GlobalSection(SolutionProperties) = preSolution
		HideSolutionNode = FALSE
	EndGlobalSection
	GlobalSection(ExtensibilityGlobals) = postSolution
		SolutionGuid = {6F7157C7-152B-456B-AA5F-5D6EC2536367}
	EndGlobalSection
EndGlobal
