
Microsoft Visual Studio Solution File, Format Version 12.00
# Visual Studio 15
VisualStudioVersion = 15.0.28307.329
MinimumVisualStudioVersion = 10.0.40219.1
Project("{FAE04EC0-301F-11D3-BF4B-00C04F79EFBC}") = "Oef 2.3", "Oef 2.3.csproj", "{FB6462EE-2011-474F-AED8-9828C1890580}"
EndProject
Global
	GlobalSection(SolutionConfigurationPlatforms) = preSolution
		Debug|Any CPU = Debug|Any CPU
		Release|Any CPU = Release|Any CPU
	EndGlobalSection
	GlobalSection(ProjectConfigurationPlatforms) = postSolution
		{FB6462EE-2011-474F-AED8-9828C1890580}.Debug|Any CPU.ActiveCfg = Debug|Any CPU
		{FB6462EE-2011-474F-AED8-9828C1890580}.Debug|Any CPU.Build.0 = Debug|Any CPU
		{FB6462EE-2011-474F-AED8-9828C1890580}.Release|Any CPU.ActiveCfg = Release|Any CPU
		{FB6462EE-2011-474F-AED8-9828C1890580}.Release|Any CPU.Build.0 = Release|Any CPU
	EndGlobalSection
	GlobalSection(SolutionProperties) = preSolution
		HideSolutionNode = FALSE
	EndGlobalSection
	GlobalSection(ExtensibilityGlobals) = postSolution
		SolutionGuid = {78DF069E-C2AE-4FCA-9764-11B0E9DFD795}
	EndGlobalSection
EndGlobal
