
Microsoft Visual Studio Solution File, Format Version 12.00
# Visual Studio 15
VisualStudioVersion = 15.0.28307.572
MinimumVisualStudioVersion = 10.0.40219.1
Project("{FAE04EC0-301F-11D3-BF4B-00C04F79EFBC}") = "Exercise07_AlarmClock", "Exercise07_AlarmClock.csproj", "{34C5079A-407E-499E-BE9F-011B3D4A5B5A}"
EndProject
Global
	GlobalSection(SolutionConfigurationPlatforms) = preSolution
		Debug|Any CPU = Debug|Any CPU
		Release|Any CPU = Release|Any CPU
	EndGlobalSection
	GlobalSection(ProjectConfigurationPlatforms) = postSolution
		{34C5079A-407E-499E-BE9F-011B3D4A5B5A}.Debug|Any CPU.ActiveCfg = Debug|Any CPU
		{34C5079A-407E-499E-BE9F-011B3D4A5B5A}.Debug|Any CPU.Build.0 = Debug|Any CPU
		{34C5079A-407E-499E-BE9F-011B3D4A5B5A}.Release|Any CPU.ActiveCfg = Release|Any CPU
		{34C5079A-407E-499E-BE9F-011B3D4A5B5A}.Release|Any CPU.Build.0 = Release|Any CPU
	EndGlobalSection
	GlobalSection(SolutionProperties) = preSolution
		HideSolutionNode = FALSE
	EndGlobalSection
	GlobalSection(ExtensibilityGlobals) = postSolution
		SolutionGuid = {BF504361-7B2F-4E90-AC7D-20840CD262BA}
	EndGlobalSection
EndGlobal
