
Microsoft Visual Studio Solution File, Format Version 12.00
# Visual Studio 15
VisualStudioVersion = 15.0.28307.421
MinimumVisualStudioVersion = 10.0.40219.1
Project("{FAE04EC0-301F-11D3-BF4B-00C04F79EFBC}") = "SliderOefening", "SliderOefening.csproj", "{42227D4B-6032-45EB-9255-66AC25C90058}"
EndProject
Global
	GlobalSection(SolutionConfigurationPlatforms) = preSolution
		Debug|Any CPU = Debug|Any CPU
		Release|Any CPU = Release|Any CPU
	EndGlobalSection
	GlobalSection(ProjectConfigurationPlatforms) = postSolution
		{42227D4B-6032-45EB-9255-66AC25C90058}.Debug|Any CPU.ActiveCfg = Debug|Any CPU
		{42227D4B-6032-45EB-9255-66AC25C90058}.Debug|Any CPU.Build.0 = Debug|Any CPU
		{42227D4B-6032-45EB-9255-66AC25C90058}.Release|Any CPU.ActiveCfg = Release|Any CPU
		{42227D4B-6032-45EB-9255-66AC25C90058}.Release|Any CPU.Build.0 = Release|Any CPU
	EndGlobalSection
	GlobalSection(SolutionProperties) = preSolution
		HideSolutionNode = FALSE
	EndGlobalSection
	GlobalSection(ExtensibilityGlobals) = postSolution
		SolutionGuid = {D0BC2A14-0827-4243-9C2C-B69E64A3A901}
	EndGlobalSection
EndGlobal
