
Microsoft Visual Studio Solution File, Format Version 12.00
# Visual Studio 15
VisualStudioVersion = 15.0.28307.572
MinimumVisualStudioVersion = 10.0.40219.1
Project("{FAE04EC0-301F-11D3-BF4B-00C04F79EFBC}") = "SliderOefening2", "SliderOefening2.csproj", "{94D7BC54-4D00-40E7-9AF5-2616B2AF815C}"
EndProject
Global
	GlobalSection(SolutionConfigurationPlatforms) = preSolution
		Debug|Any CPU = Debug|Any CPU
		Release|Any CPU = Release|Any CPU
	EndGlobalSection
	GlobalSection(ProjectConfigurationPlatforms) = postSolution
		{94D7BC54-4D00-40E7-9AF5-2616B2AF815C}.Debug|Any CPU.ActiveCfg = Debug|Any CPU
		{94D7BC54-4D00-40E7-9AF5-2616B2AF815C}.Debug|Any CPU.Build.0 = Debug|Any CPU
		{94D7BC54-4D00-40E7-9AF5-2616B2AF815C}.Release|Any CPU.ActiveCfg = Release|Any CPU
		{94D7BC54-4D00-40E7-9AF5-2616B2AF815C}.Release|Any CPU.Build.0 = Release|Any CPU
	EndGlobalSection
	GlobalSection(SolutionProperties) = preSolution
		HideSolutionNode = FALSE
	EndGlobalSection
	GlobalSection(ExtensibilityGlobals) = postSolution
		SolutionGuid = {BEBFED91-511C-4CE7-AB27-2E5834C5518C}
	EndGlobalSection
EndGlobal
