
Microsoft Visual Studio Solution File, Format Version 12.00
# Visual Studio 15
VisualStudioVersion = 15.0.28307.572
MinimumVisualStudioVersion = 10.0.40219.1
Project("{FAE04EC0-301F-11D3-BF4B-00C04F79EFBC}") = "Exercise07_CalculatingTable", "Exercise07_CalculatingTable.csproj", "{AE6EB7DA-2B21-4F81-A39B-91E71953987A}"
EndProject
Global
	GlobalSection(SolutionConfigurationPlatforms) = preSolution
		Debug|Any CPU = Debug|Any CPU
		Release|Any CPU = Release|Any CPU
	EndGlobalSection
	GlobalSection(ProjectConfigurationPlatforms) = postSolution
		{AE6EB7DA-2B21-4F81-A39B-91E71953987A}.Debug|Any CPU.ActiveCfg = Debug|Any CPU
		{AE6EB7DA-2B21-4F81-A39B-91E71953987A}.Debug|Any CPU.Build.0 = Debug|Any CPU
		{AE6EB7DA-2B21-4F81-A39B-91E71953987A}.Release|Any CPU.ActiveCfg = Release|Any CPU
		{AE6EB7DA-2B21-4F81-A39B-91E71953987A}.Release|Any CPU.Build.0 = Release|Any CPU
	EndGlobalSection
	GlobalSection(SolutionProperties) = preSolution
		HideSolutionNode = FALSE
	EndGlobalSection
	GlobalSection(ExtensibilityGlobals) = postSolution
		SolutionGuid = {877A4023-2443-4F33-9793-445E3B13E7DF}
	EndGlobalSection
EndGlobal
