
Microsoft Visual Studio Solution File, Format Version 12.00
# Visual Studio 15
VisualStudioVersion = 15.0.28307.572
MinimumVisualStudioVersion = 10.0.40219.1
Project("{FAE04EC0-301F-11D3-BF4B-00C04F79EFBC}") = "Exercise09_SodaMachine", "Exercise09_SodaMachine.csproj", "{532CE7AE-8387-4E1F-B179-CFC1C02F268E}"
EndProject
Global
	GlobalSection(SolutionConfigurationPlatforms) = preSolution
		Debug|Any CPU = Debug|Any CPU
		Release|Any CPU = Release|Any CPU
	EndGlobalSection
	GlobalSection(ProjectConfigurationPlatforms) = postSolution
		{532CE7AE-8387-4E1F-B179-CFC1C02F268E}.Debug|Any CPU.ActiveCfg = Debug|Any CPU
		{532CE7AE-8387-4E1F-B179-CFC1C02F268E}.Debug|Any CPU.Build.0 = Debug|Any CPU
		{532CE7AE-8387-4E1F-B179-CFC1C02F268E}.Release|Any CPU.ActiveCfg = Release|Any CPU
		{532CE7AE-8387-4E1F-B179-CFC1C02F268E}.Release|Any CPU.Build.0 = Release|Any CPU
	EndGlobalSection
	GlobalSection(SolutionProperties) = preSolution
		HideSolutionNode = FALSE
	EndGlobalSection
	GlobalSection(ExtensibilityGlobals) = postSolution
		SolutionGuid = {1FAFB44C-9FBA-40B7-B51F-1EC403969AC3}
	EndGlobalSection
EndGlobal
