
Microsoft Visual Studio Solution File, Format Version 12.00
# Visual Studio 15
VisualStudioVersion = 15.0.28307.572
MinimumVisualStudioVersion = 10.0.40219.1
Project("{FAE04EC0-301F-11D3-BF4B-00C04F79EFBC}") = "Exercise02_DisplayAmplifier", "Exercise02_DisplayAmplifier.csproj", "{BEAA2CA2-518C-4971-BE1D-04D702381108}"
EndProject
Global
	GlobalSection(SolutionConfigurationPlatforms) = preSolution
		Debug|Any CPU = Debug|Any CPU
		Release|Any CPU = Release|Any CPU
	EndGlobalSection
	GlobalSection(ProjectConfigurationPlatforms) = postSolution
		{BEAA2CA2-518C-4971-BE1D-04D702381108}.Debug|Any CPU.ActiveCfg = Debug|Any CPU
		{BEAA2CA2-518C-4971-BE1D-04D702381108}.Debug|Any CPU.Build.0 = Debug|Any CPU
		{BEAA2CA2-518C-4971-BE1D-04D702381108}.Release|Any CPU.ActiveCfg = Release|Any CPU
		{BEAA2CA2-518C-4971-BE1D-04D702381108}.Release|Any CPU.Build.0 = Release|Any CPU
	EndGlobalSection
	GlobalSection(SolutionProperties) = preSolution
		HideSolutionNode = FALSE
	EndGlobalSection
	GlobalSection(ExtensibilityGlobals) = postSolution
		SolutionGuid = {644DFD0A-D345-44C1-872F-824DF616BFFB}
	EndGlobalSection
EndGlobal
