
Microsoft Visual Studio Solution File, Format Version 12.00
# Visual Studio Version 16
VisualStudioVersion = 16.0.30611.23
MinimumVisualStudioVersion = 10.0.40219.1
Project("{FAE04EC0-301F-11D3-BF4B-00C04F79EFBC}") = "MyNameSave.UWP", "MyNameSave\MyNameSave.UWP\MyNameSave.UWP.csproj", "{65CBFB66-A63A-4347-BCF8-2517408E0899}"
EndProject
Project("{FAE04EC0-301F-11D3-BF4B-00C04F79EFBC}") = "MyNameSave.Android", "MyNameSave\MyNameSave.Android\MyNameSave.Android.csproj", "{273D78DF-B7F4-43C6-94A4-37501EC37B49}"
EndProject
Project("{FAE04EC0-301F-11D3-BF4B-00C04F79EFBC}") = "MyNameSave", "MyNameSave\MyNameSave\MyNameSave.csproj", "{ABBA0B46-0467-4552-BD62-0CA2B028EDC4}"
EndProject
Global
	GlobalSection(SolutionConfigurationPlatforms) = preSolution
		Debug|Any CPU = Debug|Any CPU
		Debug|ARM = Debug|ARM
		Debug|x64 = Debug|x64
		Debug|x86 = Debug|x86
		Release|Any CPU = Release|Any CPU
		Release|ARM = Release|ARM
		Release|x64 = Release|x64
		Release|x86 = Release|x86
	EndGlobalSection
	GlobalSection(ProjectConfigurationPlatforms) = postSolution
		{65CBFB66-A63A-4347-BCF8-2517408E0899}.Debug|Any CPU.ActiveCfg = Debug|x86
		{65CBFB66-A63A-4347-BCF8-2517408E0899}.Debug|Any CPU.Build.0 = Debug|x86
		{65CBFB66-A63A-4347-BCF8-2517408E0899}.Debug|Any CPU.Deploy.0 = Debug|x86
		{65CBFB66-A63A-4347-BCF8-2517408E0899}.Debug|ARM.ActiveCfg = Debug|ARM
		{65CBFB66-A63A-4347-BCF8-2517408E0899}.Debug|ARM.Build.0 = Debug|ARM
		{65CBFB66-A63A-4347-BCF8-2517408E0899}.Debug|ARM.Deploy.0 = Debug|ARM
		{65CBFB66-A63A-4347-BCF8-2517408E0899}.Debug|x64.ActiveCfg = Debug|x64
		{65CBFB66-A63A-4347-BCF8-2517408E0899}.Debug|x64.Build.0 = Debug|x64
		{65CBFB66-A63A-4347-BCF8-2517408E0899}.Debug|x64.Deploy.0 = Debug|x64
		{65CBFB66-A63A-4347-BCF8-2517408E0899}.Debug|x86.ActiveCfg = Debug|x86
		{65CBFB66-A63A-4347-BCF8-2517408E0899}.Debug|x86.Build.0 = Debug|x86
		{65CBFB66-A63A-4347-BCF8-2517408E0899}.Debug|x86.Deploy.0 = Debug|x86
		{65CBFB66-A63A-4347-BCF8-2517408E0899}.Release|Any CPU.ActiveCfg = Release|x86
		{65CBFB66-A63A-4347-BCF8-2517408E0899}.Release|Any CPU.Build.0 = Release|x86
		{65CBFB66-A63A-4347-BCF8-2517408E0899}.Release|Any CPU.Deploy.0 = Release|x86
		{65CBFB66-A63A-4347-BCF8-2517408E0899}.Release|ARM.ActiveCfg = Release|ARM
		{65CBFB66-A63A-4347-BCF8-2517408E0899}.Release|ARM.Build.0 = Release|ARM
		{65CBFB66-A63A-4347-BCF8-2517408E0899}.Release|ARM.Deploy.0 = Release|ARM
		{65CBFB66-A63A-4347-BCF8-2517408E0899}.Release|x64.ActiveCfg = Release|x64
		{65CBFB66-A63A-4347-BCF8-2517408E0899}.Release|x64.Build.0 = Release|x64
		{65CBFB66-A63A-4347-BCF8-2517408E0899}.Release|x64.Deploy.0 = Release|x64
		{65CBFB66-A63A-4347-BCF8-2517408E0899}.Release|x86.ActiveCfg = Release|x86
		{65CBFB66-A63A-4347-BCF8-2517408E0899}.Release|x86.Build.0 = Release|x86
		{65CBFB66-A63A-4347-BCF8-2517408E0899}.Release|x86.Deploy.0 = Release|x86
		{273D78DF-B7F4-43C6-94A4-37501EC37B49}.Debug|Any CPU.ActiveCfg = Debug|Any CPU
		{273D78DF-B7F4-43C6-94A4-37501EC37B49}.Debug|Any CPU.Build.0 = Debug|Any CPU
		{273D78DF-B7F4-43C6-94A4-37501EC37B49}.Debug|Any CPU.Deploy.0 = Debug|Any CPU
		{273D78DF-B7F4-43C6-94A4-37501EC37B49}.Debug|ARM.ActiveCfg = Debug|Any CPU
		{273D78DF-B7F4-43C6-94A4-37501EC37B49}.Debug|ARM.Build.0 = Debug|Any CPU
		{273D78DF-B7F4-43C6-94A4-37501EC37B49}.Debug|ARM.Deploy.0 = Debug|Any CPU
		{273D78DF-B7F4-43C6-94A4-37501EC37B49}.Debug|x64.ActiveCfg = Debug|Any CPU
		{273D78DF-B7F4-43C6-94A4-37501EC37B49}.Debug|x64.Build.0 = Debug|Any CPU
		{273D78DF-B7F4-43C6-94A4-37501EC37B49}.Debug|x64.Deploy.0 = Debug|Any CPU
		{273D78DF-B7F4-43C6-94A4-37501EC37B49}.Debug|x86.ActiveCfg = Debug|Any CPU
		{273D78DF-B7F4-43C6-94A4-37501EC37B49}.Debug|x86.Build.0 = Debug|Any CPU
		{273D78DF-B7F4-43C6-94A4-37501EC37B49}.Debug|x86.Deploy.0 = Debug|Any CPU
		{273D78DF-B7F4-43C6-94A4-37501EC37B49}.Release|Any CPU.ActiveCfg = Release|Any CPU
		{273D78DF-B7F4-43C6-94A4-37501EC37B49}.Release|Any CPU.Build.0 = Release|Any CPU
		{273D78DF-B7F4-43C6-94A4-37501EC37B49}.Release|Any CPU.Deploy.0 = Release|Any CPU
		{273D78DF-B7F4-43C6-94A4-37501EC37B49}.Release|ARM.ActiveCfg = Release|Any CPU
		{273D78DF-B7F4-43C6-94A4-37501EC37B49}.Release|ARM.Build.0 = Release|Any CPU
		{273D78DF-B7F4-43C6-94A4-37501EC37B49}.Release|ARM.Deploy.0 = Release|Any CPU
		{273D78DF-B7F4-43C6-94A4-37501EC37B49}.Release|x64.ActiveCfg = Release|Any CPU
		{273D78DF-B7F4-43C6-94A4-37501EC37B49}.Release|x64.Build.0 = Release|Any CPU
		{273D78DF-B7F4-43C6-94A4-37501EC37B49}.Release|x64.Deploy.0 = Release|Any CPU
		{273D78DF-B7F4-43C6-94A4-37501EC37B49}.Release|x86.ActiveCfg = Release|Any CPU
		{273D78DF-B7F4-43C6-94A4-37501EC37B49}.Release|x86.Build.0 = Release|Any CPU
		{273D78DF-B7F4-43C6-94A4-37501EC37B49}.Release|x86.Deploy.0 = Release|Any CPU
		{ABBA0B46-0467-4552-BD62-0CA2B028EDC4}.Debug|Any CPU.ActiveCfg = Debug|Any CPU
		{ABBA0B46-0467-4552-BD62-0CA2B028EDC4}.Debug|Any CPU.Build.0 = Debug|Any CPU
		{ABBA0B46-0467-4552-BD62-0CA2B028EDC4}.Debug|Any CPU.Deploy.0 = Debug|Any CPU
		{ABBA0B46-0467-4552-BD62-0CA2B028EDC4}.Debug|ARM.ActiveCfg = Debug|Any CPU
		{ABBA0B46-0467-4552-BD62-0CA2B028EDC4}.Debug|ARM.Build.0 = Debug|Any CPU
		{ABBA0B46-0467-4552-BD62-0CA2B028EDC4}.Debug|ARM.Deploy.0 = Debug|Any CPU
		{ABBA0B46-0467-4552-BD62-0CA2B028EDC4}.Debug|x64.ActiveCfg = Debug|Any CPU
		{ABBA0B46-0467-4552-BD62-0CA2B028EDC4}.Debug|x64.Build.0 = Debug|Any CPU
		{ABBA0B46-0467-4552-BD62-0CA2B028EDC4}.Debug|x64.Deploy.0 = Debug|Any CPU
		{ABBA0B46-0467-4552-BD62-0CA2B028EDC4}.Debug|x86.ActiveCfg = Debug|Any CPU
		{ABBA0B46-0467-4552-BD62-0CA2B028EDC4}.Debug|x86.Build.0 = Debug|Any CPU
		{ABBA0B46-0467-4552-BD62-0CA2B028EDC4}.Debug|x86.Deploy.0 = Debug|Any CPU
		{ABBA0B46-0467-4552-BD62-0CA2B028EDC4}.Release|Any CPU.ActiveCfg = Release|Any CPU
		{ABBA0B46-0467-4552-BD62-0CA2B028EDC4}.Release|Any CPU.Build.0 = Release|Any CPU
		{ABBA0B46-0467-4552-BD62-0CA2B028EDC4}.Release|Any CPU.Deploy.0 = Release|Any CPU
		{ABBA0B46-0467-4552-BD62-0CA2B028EDC4}.Release|ARM.ActiveCfg = Release|Any CPU
		{ABBA0B46-0467-4552-BD62-0CA2B028EDC4}.Release|ARM.Build.0 = Release|Any CPU
		{ABBA0B46-0467-4552-BD62-0CA2B028EDC4}.Release|ARM.Deploy.0 = Release|Any CPU
		{ABBA0B46-0467-4552-BD62-0CA2B028EDC4}.Release|x64.ActiveCfg = Release|Any CPU
		{ABBA0B46-0467-4552-BD62-0CA2B028EDC4}.Release|x64.Build.0 = Release|Any CPU
		{ABBA0B46-0467-4552-BD62-0CA2B028EDC4}.Release|x64.Deploy.0 = Release|Any CPU
		{ABBA0B46-0467-4552-BD62-0CA2B028EDC4}.Release|x86.ActiveCfg = Release|Any CPU
		{ABBA0B46-0467-4552-BD62-0CA2B028EDC4}.Release|x86.Build.0 = Release|Any CPU
		{ABBA0B46-0467-4552-BD62-0CA2B028EDC4}.Release|x86.Deploy.0 = Release|Any CPU
	EndGlobalSection
	GlobalSection(SolutionProperties) = preSolution
		HideSolutionNode = FALSE
	EndGlobalSection
	GlobalSection(ExtensibilityGlobals) = postSolution
		SolutionGuid = {978E8DF9-146E-44A0-8DA0-5F7E70E8EBB5}
	EndGlobalSection
EndGlobal
